
Microsoft Visual Studio Solution File, Format Version 12.00
# Visual Studio 2013
VisualStudioVersion = 12.0.21005.1
MinimumVisualStudioVersion = 10.0.40219.1
Project("{FAE04EC0-301F-11D3-BF4B-00C04F79EFBC}") = "GUI", "GUI\GUI.csproj", "{622645BF-F6D0-4C4F-BBDC-6E11676574A4}"
EndProject
Project("{FAE04EC0-301F-11D3-BF4B-00C04F79EFBC}") = "CUIT", "CUIT\CUIT.csproj", "{96AD2BDB-27BF-4ABA-BBAB-0961556AEC87}"
EndProject
Global
	GlobalSection(SolutionConfigurationPlatforms) = preSolution
		Debug|Any CPU = Debug|Any CPU
		Release|Any CPU = Release|Any CPU
	EndGlobalSection
	GlobalSection(ProjectConfigurationPlatforms) = postSolution
		{622645BF-F6D0-4C4F-BBDC-6E11676574A4}.Debug|Any CPU.ActiveCfg = Debug|Any CPU
		{622645BF-F6D0-4C4F-BBDC-6E11676574A4}.Debug|Any CPU.Build.0 = Debug|Any CPU
		{622645BF-F6D0-4C4F-BBDC-6E11676574A4}.Release|Any CPU.ActiveCfg = Release|Any CPU
		{622645BF-F6D0-4C4F-BBDC-6E11676574A4}.Release|Any CPU.Build.0 = Release|Any CPU
		{96AD2BDB-27BF-4ABA-BBAB-0961556AEC87}.Debug|Any CPU.ActiveCfg = Debug|Any CPU
		{96AD2BDB-27BF-4ABA-BBAB-0961556AEC87}.Debug|Any CPU.Build.0 = Debug|Any CPU
		{96AD2BDB-27BF-4ABA-BBAB-0961556AEC87}.Release|Any CPU.ActiveCfg = Release|Any CPU
		{96AD2BDB-27BF-4ABA-BBAB-0961556AEC87}.Release|Any CPU.Build.0 = Release|Any CPU
	EndGlobalSection
	GlobalSection(SolutionProperties) = preSolution
		HideSolutionNode = FALSE
	EndGlobalSection
EndGlobal
